{
  "version": 4,
  "terraform_version": "1.4.6",
  "serial": 19,
  "lineage": "6fdf9a96-92ad-ee40-d3f8-37e2f76aa91d",
  "outputs": {},
  "resources": [
    {
      "mode": "data",
      "type": "aws_iam_policy_document",
      "name": "sns_topic_policy",
      "provider": "provider[\"registry.terraform.io/hashicorp/aws\"]",
      "instances": [
        {
          "schema_version": 0,
          "attributes": {
            "id": "3383714341",
            "json": "{\n  \"Version\": \"2012-10-17\",\n  \"Statement\": [\n    {\n      \"Sid\": \"\",\n      \"Effect\": \"Allow\",\n      \"Action\": \"SNS:Publish\",\n      \"Resource\": \"arn:aws:sns:us-east-1:225908212644:ec2-stopped\",\n      \"Principal\": {\n        \"Service\": \"events.amazonaws.com\"\n      }\n    }\n  ]\n}",
            "override_json": null,
            "override_policy_documents": null,
            "policy_id": null,
            "source_json": null,
            "source_policy_documents": null,
            "statement": [
              {
                "actions": [
                  "SNS:Publish"
                ],
                "condition": [],
                "effect": "Allow",
                "not_actions": [],
                "not_principals": [],
                "not_resources": [],
                "principals": [
                  {
                    "identifiers": [
                      "events.amazonaws.com"
                    ],
                    "type": "Service"
                  }
                ],
                "resources": [
                  "arn:aws:sns:us-east-1:225908212644:ec2-stopped"
                ],
                "sid": ""
              }
            ],
            "version": "2012-10-17"
          },
          "sensitive_attributes": []
        }
      ]
    },
    {
      "mode": "managed",
      "type": "aws_cloudwatch_dashboard",
      "name": "CPU_Utils",
      "provider": "provider[\"registry.terraform.io/hashicorp/aws\"]",
      "instances": [
        {
          "schema_version": 0,
          "attributes": {
            "dashboard_arn": "arn:aws:cloudwatch::225908212644:dashboard/EC2-CloudWatch-Dashboard",
            "dashboard_body": "{\n    \"widgets\": [\n        {\n            \"height\": 6,\n            \"width\": 9,\n            \"y\": 0,\n            \"x\": 0,\n            \"type\": \"metric\",\n            \"properties\": {\n                \"view\": \"timeSeries\",\n                \"stacked\": false,\n                \"metrics\": [\n                    [ \"AWS/EC2\", \"CPUUtilization\", \"InstanceId\", \"i-0ef7e55d9c0788d82\", { \"id\": \"m1\" } ],\n                    [ { \"expression\": \"ANOMALY_DETECTION_BAND(m1, 2)\", \"label\": \"CPUUtilization (expected)\", \"id\": \"ad1\", \"color\": \"#95A5A6\" } ]\n                ],\n                \"region\": \"us-east-1\"\n            }\n        },\n        {\n            \"type\": \"metric\",\n            \"x\": 9,\n            \"y\": 0,\n            \"width\": 6,\n            \"height\": 6,\n            \"properties\": {\n                \"view\": \"timeSeries\",\n                \"stacked\": false,\n                \"metrics\": [\n                    [ \"AWS/EC2\", \"EBSReadBytes\", \"InstanceId\", \"i-0ef7e55d9c0788d82\" ],\n                    [ \".\", \"EBSWriteBytes\", \".\", \".\" ]\n                ],\n                \"region\": \"us-east-1\"\n            }\n        }\n    ]\n}\n",
            "dashboard_name": "EC2-CloudWatch-Dashboard",
            "id": "EC2-CloudWatch-Dashboard"
          },
          "sensitive_attributes": [],
          "private": "bnVsbA==",
          "dependencies": [
            "module.computer.aws_instance.myec2vm",
            "module.computer.data.aws_ami.amzlinux2",
            "module.computer.module.network.aws_security_group.vpc-ssh",
            "module.computer.module.network.aws_security_group.web-traffic",
            "module.computer.module.network.aws_subnet.custom_subnet",
            "module.computer.module.network.aws_vpc.main_vpc"
          ]
        }
      ]
    },
    {
      "mode": "managed",
      "type": "aws_cloudwatch_event_rule",
      "name": "stopped_instance",
      "provider": "provider[\"registry.terraform.io/hashicorp/aws\"]",
      "instances": [
        {
          "schema_version": 0,
          "attributes": {
            "arn": "arn:aws:events:us-east-1:225908212644:rule/capture-stopped-instances",
            "description": "Capture a stopped Instance",
            "event_bus_name": "default",
            "event_pattern": "{\"detail\":{\"state\":[\"stopped\"]},\"detail-type\":[\"EC2 Instance State-change Notification\"],\"source\":[\"aws.ec2\"]}",
            "id": "capture-stopped-instances",
            "is_enabled": true,
            "name": "capture-stopped-instances",
            "name_prefix": "",
            "role_arn": "",
            "schedule_expression": "",
            "tags": null
          },
          "sensitive_attributes": [],
          "private": "bnVsbA=="
        }
      ]
    },
    {
      "mode": "managed",
      "type": "aws_cloudwatch_event_target",
      "name": "sns",
      "provider": "provider[\"registry.terraform.io/hashicorp/aws\"]",
      "instances": [
        {
          "schema_version": 1,
          "attributes": {
            "arn": "arn:aws:sns:us-east-1:225908212644:ec2-stopped",
            "batch_target": [],
            "dead_letter_config": [],
            "ecs_target": [],
            "event_bus_name": "default",
            "id": "capture-stopped-instances-SendToSNS",
            "input": "",
            "input_path": "",
            "input_transformer": [],
            "kinesis_target": [],
            "retry_policy": [],
            "role_arn": "",
            "rule": "capture-stopped-instances",
            "run_command_targets": [],
            "sqs_target": [],
            "target_id": "SendToSNS"
          },
          "sensitive_attributes": [],
          "private": "eyJzY2hlbWFfdmVyc2lvbiI6IjEifQ==",
          "dependencies": [
            "aws_cloudwatch_event_rule.stopped_instance",
            "aws_sns_topic.ec2_stopped"
          ]
        }
      ]
    },
    {
      "mode": "managed",
      "type": "aws_cloudwatch_metric_alarm",
      "name": "cpu_util",
      "provider": "provider[\"registry.terraform.io/hashicorp/aws\"]",
      "instances": [
        {
          "schema_version": 1,
          "attributes": {
            "actions_enabled": true,
            "alarm_actions": [
              "arn:aws:sns:us-east-1:225908212644:MyTopic"
            ],
            "alarm_description": "This metric monitors ec2 cpu utilization",
            "alarm_name": "CPU-Util",
            "arn": "arn:aws:cloudwatch:us-east-1:225908212644:alarm:CPU-Util",
            "comparison_operator": "GreaterThanOrEqualToThreshold",
            "datapoints_to_alarm": 0,
            "dimensions": {
              "InstanceId": "i-0ef7e55d9c0788d82"
            },
            "evaluate_low_sample_count_percentiles": "",
            "evaluation_periods": 2,
            "extended_statistic": "",
            "id": "CPU-Util",
            "insufficient_data_actions": null,
            "metric_name": "CPUUtilization",
            "metric_query": [],
            "namespace": "AWS/EC2",
            "ok_actions": null,
            "period": 120,
            "statistic": "Average",
            "tags": null,
            "threshold": 65,
            "threshold_metric_id": "",
            "treat_missing_data": "missing",
            "unit": ""
          },
          "sensitive_attributes": [],
          "private": "eyJzY2hlbWFfdmVyc2lvbiI6IjEifQ==",
          "dependencies": [
            "module.computer.aws_instance.myec2vm",
            "module.computer.data.aws_ami.amzlinux2",
            "module.computer.module.network.aws_security_group.vpc-ssh",
            "module.computer.module.network.aws_security_group.web-traffic",
            "module.computer.module.network.aws_subnet.custom_subnet",
            "module.computer.module.network.aws_vpc.main_vpc"
          ]
        }
      ]
    },
    {
      "mode": "managed",
      "type": "aws_sns_topic",
      "name": "ec2_stopped",
      "provider": "provider[\"registry.terraform.io/hashicorp/aws\"]",
      "instances": [
        {
          "schema_version": 0,
          "attributes": {
            "application_failure_feedback_role_arn": "",
            "application_success_feedback_role_arn": "",
            "application_success_feedback_sample_rate": null,
            "arn": "arn:aws:sns:us-east-1:225908212644:ec2-stopped",
            "delivery_policy": "",
            "display_name": "",
            "http_failure_feedback_role_arn": "",
            "http_success_feedback_role_arn": "",
            "http_success_feedback_sample_rate": null,
            "id": "arn:aws:sns:us-east-1:225908212644:ec2-stopped",
            "kms_master_key_id": "",
            "lambda_failure_feedback_role_arn": "",
            "lambda_success_feedback_role_arn": "",
            "lambda_success_feedback_sample_rate": null,
            "name": "ec2-stopped",
            "name_prefix": null,
            "policy": "{\"Version\":\"2008-10-17\",\"Id\":\"__default_policy_ID\",\"Statement\":[{\"Sid\":\"__default_statement_ID\",\"Effect\":\"Allow\",\"Principal\":{\"AWS\":\"*\"},\"Action\":[\"SNS:GetTopicAttributes\",\"SNS:SetTopicAttributes\",\"SNS:AddPermission\",\"SNS:RemovePermission\",\"SNS:DeleteTopic\",\"SNS:Subscribe\",\"SNS:ListSubscriptionsByTopic\",\"SNS:Publish\"],\"Resource\":\"arn:aws:sns:us-east-1:225908212644:ec2-stopped\",\"Condition\":{\"StringEquals\":{\"AWS:SourceOwner\":\"225908212644\"}}}]}",
            "sqs_failure_feedback_role_arn": "",
            "sqs_success_feedback_role_arn": "",
            "sqs_success_feedback_sample_rate": null,
            "tags": null
          },
          "sensitive_attributes": [],
          "private": "bnVsbA=="
        }
      ]
    },
    {
      "mode": "managed",
      "type": "aws_sns_topic_policy",
      "name": "default",
      "provider": "provider[\"registry.terraform.io/hashicorp/aws\"]",
      "instances": [
        {
          "schema_version": 0,
          "attributes": {
            "arn": "arn:aws:sns:us-east-1:225908212644:ec2-stopped",
            "id": "arn:aws:sns:us-east-1:225908212644:ec2-stopped",
            "policy": "{\"Version\":\"2012-10-17\",\"Statement\":[{\"Sid\":\"\",\"Effect\":\"Allow\",\"Principal\":{\"Service\":\"events.amazonaws.com\"},\"Action\":\"SNS:Publish\",\"Resource\":\"arn:aws:sns:us-east-1:225908212644:ec2-stopped\"}]}"
          },
          "sensitive_attributes": [],
          "private": "bnVsbA==",
          "dependencies": [
            "aws_sns_topic.ec2_stopped",
            "data.aws_iam_policy_document.sns_topic_policy"
          ]
        }
      ]
    },
    {
      "module": "module.computer",
      "mode": "data",
      "type": "aws_ami",
      "name": "amzlinux2",
      "provider": "module.computer.provider[\"registry.terraform.io/hashicorp/aws\"]",
      "instances": [
        {
          "schema_version": 0,
          "attributes": {
            "architecture": "x86_64",
            "arn": "arn:aws:ec2:us-east-1::image/ami-0d52ddcdf3a885741",
            "block_device_mappings": [
              {
                "device_name": "/dev/xvda",
                "ebs": {
                  "delete_on_termination": "true",
                  "encrypted": "false",
                  "iops": "0",
                  "snapshot_id": "snap-0bb1cf97496cb5f88",
                  "throughput": "0",
                  "volume_size": "8",
                  "volume_type": "gp2"
                },
                "no_device": "",
                "virtual_name": ""
              }
            ],
            "creation_date": "2023-05-05T19:27:34.000Z",
            "description": "Amazon Linux 2 AMI 2.0.20230504.1 x86_64 HVM gp2",
            "ena_support": true,
            "executable_users": null,
            "filter": [
              {
                "name": "architecture",
                "values": [
                  "x86_64"
                ]
              },
              {
                "name": "name",
                "values": [
                  "amzn2-ami-hvm-*-gp2"
                ]
              },
              {
                "name": "root-device-type",
                "values": [
                  "ebs"
                ]
              },
              {
                "name": "virtualization-type",
                "values": [
                  "hvm"
                ]
              }
            ],
            "hypervisor": "xen",
            "id": "ami-0d52ddcdf3a885741",
            "image_id": "ami-0d52ddcdf3a885741",
            "image_location": "amazon/amzn2-ami-hvm-2.0.20230504.1-x86_64-gp2",
            "image_owner_alias": "amazon",
            "image_type": "machine",
            "kernel_id": null,
            "most_recent": true,
            "name": "amzn2-ami-hvm-2.0.20230504.1-x86_64-gp2",
            "name_regex": null,
            "owner_id": "137112412989",
            "owners": [
              "amazon"
            ],
            "platform": null,
            "platform_details": "Linux/UNIX",
            "product_codes": [],
            "public": true,
            "ramdisk_id": null,
            "root_device_name": "/dev/xvda",
            "root_device_type": "ebs",
            "root_snapshot_id": "snap-0bb1cf97496cb5f88",
            "sriov_net_support": "simple",
            "state": "available",
            "state_reason": {
              "code": "UNSET",
              "message": "UNSET"
            },
            "tags": {},
            "usage_operation": "RunInstances",
            "virtualization_type": "hvm"
          },
          "sensitive_attributes": []
        }
      ]
    },
    {
      "module": "module.computer",
      "mode": "managed",
      "type": "aws_instance",
      "name": "myec2vm",
      "provider": "module.computer.provider[\"registry.terraform.io/hashicorp/aws\"]",
      "instances": [
        {
          "schema_version": 1,
          "attributes": {
            "ami": "ami-0d52ddcdf3a885741",
            "arn": "arn:aws:ec2:us-east-1:225908212644:instance/i-0ef7e55d9c0788d82",
            "associate_public_ip_address": true,
            "availability_zone": "us-east-1a",
            "cpu_core_count": 1,
            "cpu_threads_per_core": 2,
            "credit_specification": [
              {
                "cpu_credits": "unlimited"
              }
            ],
            "disable_api_termination": false,
            "ebs_block_device": [],
            "ebs_optimized": false,
            "enclave_options": [
              {
                "enabled": false
              }
            ],
            "ephemeral_block_device": [],
            "get_password_data": false,
            "hibernation": false,
            "host_id": null,
            "iam_instance_profile": "",
            "id": "i-0ef7e55d9c0788d82",
            "instance_initiated_shutdown_behavior": null,
            "instance_state": "running",
            "instance_type": "t3.micro",
            "ipv6_address_count": 0,
            "ipv6_addresses": [],
            "key_name": "live_keys",
            "metadata_options": [
              {
                "http_endpoint": "enabled",
                "http_put_response_hop_limit": 1,
                "http_tokens": "optional"
              }
            ],
            "monitoring": true,
            "network_interface": [],
            "outpost_arn": "",
            "password_data": "",
            "placement_group": "",
            "primary_network_interface_id": "eni-0fe6573962264014f",
            "private_dns": "ip-10-0-0-169.ec2.internal",
            "private_ip": "10.0.0.169",
            "public_dns": "",
            "public_ip": "18.212.219.203",
            "root_block_device": [
              {
                "delete_on_termination": true,
                "device_name": "/dev/xvda",
                "encrypted": false,
                "iops": 100,
                "kms_key_id": "",
                "tags": {},
                "throughput": 0,
                "volume_id": "vol-0ce6d8e1727482aca",
                "volume_size": 8,
                "volume_type": "gp2"
              }
            ],
            "secondary_private_ips": [],
            "security_groups": [],
            "source_dest_check": true,
            "subnet_id": "subnet-034d5211bf7eb22aa",
            "tags": {
              "Name": "EC2 Demo"
            },
            "tenancy": "default",
            "timeouts": null,
            "user_data": "974bc5ba6d4b3fa4340b03e0856c0cf41c2172be",
            "user_data_base64": null,
            "volume_tags": null,
            "vpc_security_group_ids": [
              "sg-07e958e75311591a3",
              "sg-0bf0f53301e2d5437"
            ]
          },
          "sensitive_attributes": [],
          "private": "eyJlMmJmYjczMC1lY2FhLTExZTYtOGY4OC0zNDM2M2JjN2M0YzAiOnsiY3JlYXRlIjo2MDAwMDAwMDAwMDAsImRlbGV0ZSI6MTIwMDAwMDAwMDAwMCwidXBkYXRlIjo2MDAwMDAwMDAwMDB9LCJzY2hlbWFfdmVyc2lvbiI6IjEifQ==",
          "dependencies": [
            "module.computer.data.aws_ami.amzlinux2",
            "module.computer.module.network.aws_security_group.vpc-ssh",
            "module.computer.module.network.aws_security_group.web-traffic",
            "module.computer.module.network.aws_subnet.custom_subnet",
            "module.computer.module.network.aws_vpc.main_vpc"
          ]
        }
      ]
    },
    {
      "module": "module.computer.module.network",
      "mode": "managed",
      "type": "aws_eip",
      "name": "elastic_IP",
      "provider": "module.computer.module.network.provider[\"registry.terraform.io/hashicorp/aws\"]",
      "instances": [
        {
          "schema_version": 0,
          "attributes": {
            "allocation_id": null,
            "associate_with_private_ip": null,
            "association_id": "",
            "carrier_ip": "",
            "customer_owned_ip": "",
            "customer_owned_ipv4_pool": "",
            "domain": "vpc",
            "id": "eipalloc-0538ccf77ac6fdcbd",
            "instance": "",
            "network_border_group": "us-east-1",
            "network_interface": "",
            "private_dns": null,
            "private_ip": "",
            "public_dns": "ec2-44-210-39-241.compute-1.amazonaws.com",
            "public_ip": "44.210.39.241",
            "public_ipv4_pool": "amazon",
            "tags": {
              "Name": "Custom Elastic IP"
            },
            "timeouts": null,
            "vpc": true
          },
          "sensitive_attributes": [],
          "private": "eyJlMmJmYjczMC1lY2FhLTExZTYtOGY4OC0zNDM2M2JjN2M0YzAiOnsiZGVsZXRlIjoxODAwMDAwMDAwMDAsInJlYWQiOjkwMDAwMDAwMDAwMCwidXBkYXRlIjozMDAwMDAwMDAwMDB9fQ=="
        }
      ]
    },
    {
      "module": "module.computer.module.network",
      "mode": "managed",
      "type": "aws_internet_gateway",
      "name": "IGW-TF",
      "provider": "module.computer.module.network.provider[\"registry.terraform.io/hashicorp/aws\"]",
      "instances": [
        {
          "schema_version": 0,
          "attributes": {
            "arn": "arn:aws:ec2:us-east-1:225908212644:internet-gateway/igw-0f793629fff89e4e4",
            "id": "igw-0f793629fff89e4e4",
            "owner_id": "225908212644",
            "tags": null,
            "vpc_id": "vpc-0c167763f1535afa6"
          },
          "sensitive_attributes": [],
          "private": "bnVsbA==",
          "dependencies": [
            "module.computer.module.network.aws_vpc.main_vpc"
          ]
        }
      ]
    },
    {
      "module": "module.computer.module.network",
      "mode": "managed",
      "type": "aws_nat_gateway",
      "name": "NAT_GW",
      "provider": "module.computer.module.network.provider[\"registry.terraform.io/hashicorp/aws\"]",
      "instances": [
        {
          "schema_version": 0,
          "attributes": {
            "allocation_id": "eipalloc-0538ccf77ac6fdcbd",
            "id": "nat-0ecf06ea49d7bf307",
            "network_interface_id": "eni-0fd1db5b1c9652be7",
            "private_ip": "10.0.0.11",
            "public_ip": "44.210.39.241",
            "subnet_id": "subnet-034d5211bf7eb22aa",
            "tags": {
              "Name": "Custom natgateway"
            }
          },
          "sensitive_attributes": [],
          "private": "bnVsbA==",
          "dependencies": [
            "module.computer.module.network.aws_eip.elastic_IP",
            "module.computer.module.network.aws_subnet.custom_subnet",
            "module.computer.module.network.aws_vpc.main_vpc"
          ]
        }
      ]
    },
    {
      "module": "module.computer.module.network",
      "mode": "managed",
      "type": "aws_route_table",
      "name": "custom_RT",
      "provider": "module.computer.module.network.provider[\"registry.terraform.io/hashicorp/aws\"]",
      "instances": [
        {
          "schema_version": 0,
          "attributes": {
            "id": "rtb-05eecc50e9632fc43",
            "owner_id": "225908212644",
            "propagating_vgws": [],
            "route": [
              {
                "cidr_block": "0.0.0.0/0",
                "egress_only_gateway_id": "",
                "gateway_id": "igw-0f793629fff89e4e4",
                "instance_id": "",
                "ipv6_cidr_block": "",
                "local_gateway_id": "",
                "nat_gateway_id": "",
                "network_interface_id": "",
                "transit_gateway_id": "",
                "vpc_endpoint_id": "",
                "vpc_peering_connection_id": ""
              }
            ],
            "tags": {
              "Name": "Custom RT"
            },
            "vpc_id": "vpc-0c167763f1535afa6"
          },
          "sensitive_attributes": [],
          "private": "bnVsbA==",
          "dependencies": [
            "module.computer.module.network.aws_internet_gateway.IGW-TF",
            "module.computer.module.network.aws_vpc.main_vpc"
          ]
        }
      ]
    },
    {
      "module": "module.computer.module.network",
      "mode": "managed",
      "type": "aws_route_table_association",
      "name": "custom_RT_association",
      "provider": "module.computer.module.network.provider[\"registry.terraform.io/hashicorp/aws\"]",
      "instances": [
        {
          "schema_version": 0,
          "attributes": {
            "gateway_id": null,
            "id": "rtbassoc-0306ab164917607bb",
            "route_table_id": "rtb-05eecc50e9632fc43",
            "subnet_id": "subnet-034d5211bf7eb22aa"
          },
          "sensitive_attributes": [],
          "private": "bnVsbA==",
          "dependencies": [
            "module.computer.module.network.aws_internet_gateway.IGW-TF",
            "module.computer.module.network.aws_route_table.custom_RT",
            "module.computer.module.network.aws_subnet.custom_subnet",
            "module.computer.module.network.aws_vpc.main_vpc"
          ]
        }
      ]
    },
    {
      "module": "module.computer.module.network",
      "mode": "managed",
      "type": "aws_security_group",
      "name": "vpc-ssh",
      "provider": "module.computer.module.network.provider[\"registry.terraform.io/hashicorp/aws\"]",
      "instances": [
        {
          "schema_version": 1,
          "attributes": {
            "arn": "arn:aws:ec2:us-east-1:225908212644:security-group/sg-07e958e75311591a3",
            "description": "Allow SSH traffic",
            "egress": [
              {
                "cidr_blocks": [
                  "0.0.0.0/0"
                ],
                "description": "Allow outbound traffic",
                "from_port": 0,
                "ipv6_cidr_blocks": [],
                "prefix_list_ids": [],
                "protocol": "-1",
                "security_groups": [],
                "self": false,
                "to_port": 0
              }
            ],
            "id": "sg-07e958e75311591a3",
            "ingress": [
              {
                "cidr_blocks": [
                  "0.0.0.0/0"
                ],
                "description": "Allow SSH traffic Inbound",
                "from_port": 22,
                "ipv6_cidr_blocks": [],
                "prefix_list_ids": [],
                "protocol": "tcp",
                "security_groups": [],
                "self": false,
                "to_port": 22
              }
            ],
            "name": "vpc-ssh",
            "name_prefix": "",
            "owner_id": "225908212644",
            "revoke_rules_on_delete": false,
            "tags": {
              "Name": "Allow SSH Traffic"
            },
            "timeouts": null,
            "vpc_id": "vpc-0c167763f1535afa6"
          },
          "sensitive_attributes": [],
          "private": "eyJlMmJmYjczMC1lY2FhLTExZTYtOGY4OC0zNDM2M2JjN2M0YzAiOnsiY3JlYXRlIjo2MDAwMDAwMDAwMDAsImRlbGV0ZSI6NjAwMDAwMDAwMDAwfSwic2NoZW1hX3ZlcnNpb24iOiIxIn0=",
          "dependencies": [
            "module.computer.module.network.aws_vpc.main_vpc"
          ]
        }
      ]
    },
    {
      "module": "module.computer.module.network",
      "mode": "managed",
      "type": "aws_security_group",
      "name": "web-traffic",
      "provider": "module.computer.module.network.provider[\"registry.terraform.io/hashicorp/aws\"]",
      "instances": [
        {
          "schema_version": 1,
          "attributes": {
            "arn": "arn:aws:ec2:us-east-1:225908212644:security-group/sg-0bf0f53301e2d5437",
            "description": "Allow WEB traffic",
            "egress": [
              {
                "cidr_blocks": [
                  "0.0.0.0/0"
                ],
                "description": "Allow outbound traffic",
                "from_port": 0,
                "ipv6_cidr_blocks": [],
                "prefix_list_ids": [],
                "protocol": "-1",
                "security_groups": [],
                "self": false,
                "to_port": 0
              }
            ],
            "id": "sg-0bf0f53301e2d5437",
            "ingress": [
              {
                "cidr_blocks": [
                  "0.0.0.0/0"
                ],
                "description": "Allow Secure WEB traffic Inbound",
                "from_port": 443,
                "ipv6_cidr_blocks": [],
                "prefix_list_ids": [],
                "protocol": "tcp",
                "security_groups": [],
                "self": false,
                "to_port": 443
              },
              {
                "cidr_blocks": [
                  "0.0.0.0/0"
                ],
                "description": "Allow WEB traffic Inbound",
                "from_port": 80,
                "ipv6_cidr_blocks": [],
                "prefix_list_ids": [],
                "protocol": "tcp",
                "security_groups": [],
                "self": false,
                "to_port": 80
              }
            ],
            "name": "vpc-web",
            "name_prefix": "",
            "owner_id": "225908212644",
            "revoke_rules_on_delete": false,
            "tags": {
              "Name": "Allow WEB Traffic"
            },
            "timeouts": null,
            "vpc_id": "vpc-0c167763f1535afa6"
          },
          "sensitive_attributes": [],
          "private": "eyJlMmJmYjczMC1lY2FhLTExZTYtOGY4OC0zNDM2M2JjN2M0YzAiOnsiY3JlYXRlIjo2MDAwMDAwMDAwMDAsImRlbGV0ZSI6NjAwMDAwMDAwMDAwfSwic2NoZW1hX3ZlcnNpb24iOiIxIn0=",
          "dependencies": [
            "module.computer.module.network.aws_vpc.main_vpc"
          ]
        }
      ]
    },
    {
      "module": "module.computer.module.network",
      "mode": "managed",
      "type": "aws_subnet",
      "name": "custom_subnet",
      "provider": "module.computer.module.network.provider[\"registry.terraform.io/hashicorp/aws\"]",
      "instances": [
        {
          "schema_version": 1,
          "attributes": {
            "arn": "arn:aws:ec2:us-east-1:225908212644:subnet/subnet-034d5211bf7eb22aa",
            "assign_ipv6_address_on_creation": false,
            "availability_zone": "us-east-1a",
            "availability_zone_id": "use1-az4",
            "cidr_block": "10.0.0.0/24",
            "customer_owned_ipv4_pool": "",
            "id": "subnet-034d5211bf7eb22aa",
            "ipv6_cidr_block": "",
            "ipv6_cidr_block_association_id": "",
            "map_customer_owned_ip_on_launch": false,
            "map_public_ip_on_launch": true,
            "outpost_arn": "",
            "owner_id": "225908212644",
            "tags": {
              "Name": "Custom subnet"
            },
            "tags_all": {
              "Name": "Custom subnet"
            },
            "timeouts": null,
            "vpc_id": "vpc-0c167763f1535afa6"
          },
          "sensitive_attributes": [],
          "private": "eyJlMmJmYjczMC1lY2FhLTExZTYtOGY4OC0zNDM2M2JjN2M0YzAiOnsiY3JlYXRlIjo2MDAwMDAwMDAwMDAsImRlbGV0ZSI6MTIwMDAwMDAwMDAwMH0sInNjaGVtYV92ZXJzaW9uIjoiMSJ9",
          "dependencies": [
            "module.computer.module.network.aws_vpc.main_vpc"
          ]
        }
      ]
    },
    {
      "module": "module.computer.module.network",
      "mode": "managed",
      "type": "aws_vpc",
      "name": "main_vpc",
      "provider": "module.computer.module.network.provider[\"registry.terraform.io/hashicorp/aws\"]",
      "instances": [
        {
          "schema_version": 1,
          "attributes": {
            "arn": "arn:aws:ec2:us-east-1:225908212644:vpc/vpc-0c167763f1535afa6",
            "assign_generated_ipv6_cidr_block": false,
            "cidr_block": "10.0.0.0/16",
            "default_network_acl_id": "acl-09c328ee780b2a2cd",
            "default_route_table_id": "rtb-074060f4246a8e3fc",
            "default_security_group_id": "sg-05bc763fb85305d01",
            "dhcp_options_id": "dopt-ff341285",
            "enable_classiclink": false,
            "enable_classiclink_dns_support": false,
            "enable_dns_hostnames": false,
            "enable_dns_support": true,
            "id": "vpc-0c167763f1535afa6",
            "instance_tenancy": "default",
            "ipv6_association_id": "",
            "ipv6_cidr_block": "",
            "main_route_table_id": "rtb-074060f4246a8e3fc",
            "owner_id": "225908212644",
            "tags": {
              "Name": "Custom VPC"
            },
            "tags_all": {
              "Name": "Custom VPC"
            }
          },
          "sensitive_attributes": [],
          "private": "eyJzY2hlbWFfdmVyc2lvbiI6IjEifQ=="
        }
      ]
    }
  ],
  "check_results": null
}
