{
  "version": 4,
  "terraform_version": "1.4.6",
  "serial": 3,
  "lineage": "b273dde9-4b62-0e3b-931e-b0c30025d948",
  "outputs": {},
  "resources": [
    {
      "mode": "managed",
      "type": "aws_cloudwatch_log_group",
      "name": "msg_loggroup",
      "provider": "provider[\"registry.terraform.io/hashicorp/aws\"]",
      "instances": [
        {
          "schema_version": 0,
          "attributes": {
            "arn": "arn:aws:logs:us-east-1:225908212644:log-group:/var/log/messages",
            "id": "/var/log/messages",
            "kms_key_id": "",
            "name": "/var/log/messages",
            "name_prefix": null,
            "retention_in_days": 0,
            "tags": null
          },
          "sensitive_attributes": [],
          "private": "bnVsbA=="
        }
      ]
    },
    {
      "mode": "managed",
      "type": "aws_cloudwatch_log_metric_filter",
      "name": "messages",
      "provider": "provider[\"registry.terraform.io/hashicorp/aws\"]",
      "instances": [
        {
          "schema_version": 0,
          "attributes": {
            "id": "MyMessages",
            "log_group_name": "/var/log/messages",
            "metric_transformation": [
              {
                "default_value": "",
                "name": "EventCount",
                "namespace": "messages",
                "value": "1"
              }
            ],
            "name": "MyMessages",
            "pattern": "root"
          },
          "sensitive_attributes": [],
          "private": "bnVsbA==",
          "dependencies": [
            "aws_cloudwatch_log_group.msg_loggroup"
          ]
        }
      ]
    }
  ],
  "check_results": null
}
