{
  "version": 4,
  "terraform_version": "1.4.6",
  "serial": 14,
  "lineage": "ffda7122-5571-c7ca-7a28-3671f84f201f",
  "outputs": {},
  "resources": [
    {
      "mode": "data",
      "type": "aws_ami",
      "name": "amazon-linux-2",
      "provider": "provider[\"registry.terraform.io/hashicorp/aws\"]",
      "instances": [
        {
          "schema_version": 0,
          "attributes": {
            "architecture": "x86_64",
            "arn": "arn:aws:ec2:us-east-1::image/ami-0c0b64a9581ada01f",
            "block_device_mappings": [
              {
                "device_name": "/dev/xvda",
                "ebs": {
                  "delete_on_termination": "true",
                  "encrypted": "false",
                  "iops": "0",
                  "snapshot_id": "snap-0bb1cf97496cb5f88",
                  "throughput": "0",
                  "volume_size": "8",
                  "volume_type": "standard"
                },
                "no_device": "",
                "virtual_name": ""
              }
            ],
            "creation_date": "2023-05-05T19:26:23.000Z",
            "description": "Amazon Linux 2 AMI 2.0.20230504.1 x86_64 HVM ebs",
            "ena_support": true,
            "executable_users": null,
            "filter": [
              {
                "name": "name",
                "values": [
                  "amzn2-ami-hvm-*-x86_64-ebs"
                ]
              }
            ],
            "hypervisor": "xen",
            "id": "ami-0c0b64a9581ada01f",
            "image_id": "ami-0c0b64a9581ada01f",
            "image_location": "amazon/amzn2-ami-hvm-2.0.20230504.1-x86_64-ebs",
            "image_owner_alias": "amazon",
            "image_type": "machine",
            "kernel_id": null,
            "most_recent": true,
            "name": "amzn2-ami-hvm-2.0.20230504.1-x86_64-ebs",
            "name_regex": null,
            "owner_id": "137112412989",
            "owners": [
              "amazon"
            ],
            "platform": null,
            "platform_details": "Linux/UNIX",
            "product_codes": [],
            "public": true,
            "ramdisk_id": null,
            "root_device_name": "/dev/xvda",
            "root_device_type": "ebs",
            "root_snapshot_id": "snap-0bb1cf97496cb5f88",
            "sriov_net_support": "simple",
            "state": "available",
            "state_reason": {
              "code": "UNSET",
              "message": "UNSET"
            },
            "tags": {},
            "usage_operation": "RunInstances",
            "virtualization_type": "hvm"
          },
          "sensitive_attributes": []
        }
      ]
    },
    {
      "mode": "data",
      "type": "template_file",
      "name": "init",
      "provider": "provider[\"registry.terraform.io/hashicorp/template\"]",
      "instances": [
        {
          "schema_version": 0,
          "attributes": {
            "filename": null,
            "id": "6fd0fa96d7a242b7b9d81b3d7d0f4023e365002e461487bca6c11ab9c77e2916",
            "rendered": "#!/bin/bash\n\nsudo yum -y install amazon-efs-utils\nsudo mkdir /mnt/shared\nfs_id=\"fs-0d206fd2466008996\"\nsudo mount -t efs -o tls,iam $fs_id:/ /mnt/shared",
            "template": "#!/bin/bash\n\nsudo yum -y install amazon-efs-utils\nsudo mkdir /mnt/shared\nfs_id=\"${fs_id}\"\nsudo mount -t efs -o tls,iam $fs_id:/ /mnt/shared",
            "vars": {
              "fs_id": "fs-0d206fd2466008996"
            }
          },
          "sensitive_attributes": []
        }
      ]
    },
    {
      "mode": "managed",
      "type": "aws_efs_file_system",
      "name": "file-system",
      "provider": "provider[\"registry.terraform.io/hashicorp/aws\"]",
      "instances": [
        {
          "schema_version": 0,
          "attributes": {
            "arn": "arn:aws:elasticfilesystem:us-east-1:225908212644:file-system/fs-0d206fd2466008996",
            "creation_token": "some-token",
            "dns_name": "fs-0d206fd2466008996.efs.us-east-1.amazonaws.com",
            "encrypted": true,
            "id": "fs-0d206fd2466008996",
            "kms_key_id": "arn:aws:kms:us-east-1:225908212644:key/3cb60be1-d8b7-45e9-847f-8638042cb5e2",
            "lifecycle_policy": [],
            "performance_mode": "generalPurpose",
            "provisioned_throughput_in_mibps": 0,
            "tags": null,
            "throughput_mode": "bursting"
          },
          "sensitive_attributes": [],
          "private": "bnVsbA=="
        }
      ]
    },
    {
      "mode": "managed",
      "type": "aws_efs_file_system_policy",
      "name": "policy",
      "provider": "provider[\"registry.terraform.io/hashicorp/aws\"]",
      "instances": [
        {
          "schema_version": 0,
          "attributes": {
            "file_system_id": "fs-0d206fd2466008996",
            "id": "fs-0d206fd2466008996",
            "policy": "{\n  \"Version\" : \"2012-10-17\",\n  \"Id\" : \"ExamplePolicy01\",\n  \"Statement\" : [ {\n    \"Sid\" : \"ExampleSatement01\",\n    \"Effect\" : \"Allow\",\n    \"Principal\" : {\n      \"AWS\" : \"*\"\n    },\n    \"Action\" : [ \"elasticfilesystem:ClientMount\", \"elasticfilesystem:ClientWrite\" ],\n    \"Resource\" : \"arn:aws:elasticfilesystem:us-east-1:225908212644:file-system/fs-0d206fd2466008996\",\n    \"Condition\" : {\n      \"Bool\" : {\n        \"aws:SecureTransport\" : \"true\"\n      }\n    }\n  } ]\n}"
          },
          "sensitive_attributes": [],
          "private": "bnVsbA==",
          "dependencies": [
            "aws_efs_file_system.file-system"
          ]
        }
      ]
    },
    {
      "mode": "managed",
      "type": "aws_efs_mount_target",
      "name": "efs",
      "provider": "provider[\"registry.terraform.io/hashicorp/aws\"]",
      "instances": [
        {
          "schema_version": 0,
          "attributes": {
            "availability_zone_id": "use1-az4",
            "availability_zone_name": "us-east-1a",
            "dns_name": "fs-0d206fd2466008996.efs.us-east-1.amazonaws.com",
            "file_system_arn": "arn:aws:elasticfilesystem:us-east-1:225908212644:file-system/fs-0d206fd2466008996",
            "file_system_id": "fs-0d206fd2466008996",
            "id": "fsmt-0fcfcb9edc5cb9c0c",
            "ip_address": "172.0.0.5",
            "mount_target_dns_name": "us-east-1a.fs-0d206fd2466008996.efs.us-east-1.amazonaws.com",
            "network_interface_id": "eni-016504dc8d06efe3a",
            "owner_id": "225908212644",
            "security_groups": [
              "sg-0b6f88b8584575c99"
            ],
            "subnet_id": "subnet-097a11a30eecd9baa"
          },
          "sensitive_attributes": [],
          "private": "bnVsbA==",
          "dependencies": [
            "aws_efs_file_system.file-system",
            "aws_security_group.nfs-sg",
            "aws_subnet.nfs_subnet",
            "aws_vpc.nfs_vpc"
          ]
        }
      ]
    },
    {
      "mode": "managed",
      "type": "aws_iam_instance_profile",
      "name": "ec2-profile",
      "provider": "provider[\"registry.terraform.io/hashicorp/aws\"]",
      "instances": [
        {
          "schema_version": 0,
          "attributes": {
            "arn": "arn:aws:iam::225908212644:instance-profile/terraform-20230516060938837300000002",
            "create_date": "2023-05-16T06:09:39Z",
            "id": "terraform-20230516060938837300000002",
            "name": "terraform-20230516060938837300000002",
            "name_prefix": null,
            "path": "/",
            "role": "terraform-20230516060934235700000001",
            "tags": null,
            "unique_id": "AIPATJGJNYOSK4UBTHXDL"
          },
          "sensitive_attributes": [],
          "private": "bnVsbA==",
          "dependencies": [
            "aws_iam_role.ec2-role"
          ]
        }
      ]
    },
    {
      "mode": "managed",
      "type": "aws_iam_role",
      "name": "ec2-role",
      "provider": "provider[\"registry.terraform.io/hashicorp/aws\"]",
      "instances": [
        {
          "schema_version": 0,
          "attributes": {
            "arn": "arn:aws:iam::225908212644:role/terraform-20230516060934235700000001",
            "assume_role_policy": "{\"Version\":\"2012-10-17\",\"Statement\":[{\"Sid\":\"\",\"Effect\":\"Allow\",\"Principal\":{\"Service\":\"ec2.amazonaws.com\"},\"Action\":\"sts:AssumeRole\"}]}",
            "create_date": "2023-05-16T06:09:35Z",
            "description": "",
            "force_detach_policies": false,
            "id": "terraform-20230516060934235700000001",
            "inline_policy": [
              {
                "name": "",
                "policy": ""
              }
            ],
            "managed_policy_arns": [],
            "max_session_duration": 3600,
            "name": "terraform-20230516060934235700000001",
            "name_prefix": null,
            "path": "/",
            "permissions_boundary": null,
            "tags": null,
            "unique_id": "AROATJGJNYOSFHZDSSDDJ"
          },
          "sensitive_attributes": [],
          "private": "bnVsbA=="
        }
      ]
    },
    {
      "mode": "managed",
      "type": "aws_iam_role_policy",
      "name": "ec2-role-policy",
      "provider": "provider[\"registry.terraform.io/hashicorp/aws\"]",
      "instances": [
        {
          "schema_version": 0,
          "attributes": {
            "id": "terraform-20230516060934235700000001:terraform-20230516060945677300000003",
            "name": "terraform-20230516060945677300000003",
            "name_prefix": null,
            "policy": "{\n  \"Version\": \"2012-10-17\",\n  \"Statement\": [\n    {\n      \"Action\": [\n        \"elasticfilesystem:ClientMount\",\n        \"elasticfilesystem:ClientWrite\"\n      ],\n      \"Effect\": \"Allow\",\n      \"Resource\": \"arn:aws:elasticfilesystem:us-east-1:225908212644:file-system/fs-0d206fd2466008996\"\n    }\n  ]\n}\n",
            "role": "terraform-20230516060934235700000001"
          },
          "sensitive_attributes": [],
          "private": "bnVsbA==",
          "dependencies": [
            "aws_efs_file_system.file-system",
            "aws_iam_role.ec2-role"
          ]
        }
      ]
    },
    {
      "mode": "managed",
      "type": "aws_instance",
      "name": "ec2",
      "provider": "provider[\"registry.terraform.io/hashicorp/aws\"]",
      "instances": [
        {
          "schema_version": 1,
          "attributes": {
            "ami": "ami-0c0b64a9581ada01f",
            "arn": "arn:aws:ec2:us-east-1:225908212644:instance/i-0f5eabbc82186cadb",
            "associate_public_ip_address": false,
            "availability_zone": "us-east-1a",
            "cpu_core_count": 1,
            "cpu_threads_per_core": 1,
            "credit_specification": [
              {
                "cpu_credits": "standard"
              }
            ],
            "disable_api_termination": false,
            "ebs_block_device": [],
            "ebs_optimized": false,
            "enclave_options": [
              {
                "enabled": false
              }
            ],
            "ephemeral_block_device": [],
            "get_password_data": false,
            "hibernation": false,
            "host_id": null,
            "iam_instance_profile": "terraform-20230516060938837300000002",
            "id": "i-0f5eabbc82186cadb",
            "instance_initiated_shutdown_behavior": null,
            "instance_state": "running",
            "instance_type": "t2.micro",
            "ipv6_address_count": 0,
            "ipv6_addresses": [],
            "key_name": "",
            "metadata_options": [
              {
                "http_endpoint": "enabled",
                "http_put_response_hop_limit": 1,
                "http_tokens": "optional"
              }
            ],
            "monitoring": false,
            "network_interface": [],
            "outpost_arn": "",
            "password_data": "",
            "placement_group": "",
            "primary_network_interface_id": "eni-0c4d02155ff83848a",
            "private_dns": "ip-172-0-0-9.ec2.internal",
            "private_ip": "172.0.0.9",
            "public_dns": "",
            "public_ip": "",
            "root_block_device": [
              {
                "delete_on_termination": true,
                "device_name": "/dev/xvda",
                "encrypted": false,
                "iops": 0,
                "kms_key_id": "",
                "tags": {},
                "throughput": 0,
                "volume_id": "vol-09336e5a13e938f41",
                "volume_size": 8,
                "volume_type": "standard"
              }
            ],
            "secondary_private_ips": [],
            "security_groups": [],
            "source_dest_check": true,
            "subnet_id": "subnet-097a11a30eecd9baa",
            "tags": {
              "Name": "EFS-Mount-Demo"
            },
            "tenancy": "default",
            "timeouts": null,
            "user_data": "82b98aaa8501c915d11c746f8e4fa7453019b67c",
            "user_data_base64": null,
            "volume_tags": null,
            "vpc_security_group_ids": [
              "sg-0b6f88b8584575c99"
            ]
          },
          "sensitive_attributes": [],
          "private": "eyJlMmJmYjczMC1lY2FhLTExZTYtOGY4OC0zNDM2M2JjN2M0YzAiOnsiY3JlYXRlIjo2MDAwMDAwMDAwMDAsImRlbGV0ZSI6MTIwMDAwMDAwMDAwMCwidXBkYXRlIjo2MDAwMDAwMDAwMDB9LCJzY2hlbWFfdmVyc2lvbiI6IjEifQ==",
          "dependencies": [
            "aws_efs_file_system.file-system",
            "aws_efs_mount_target.efs",
            "aws_iam_instance_profile.ec2-profile",
            "aws_iam_role.ec2-role",
            "aws_security_group.nfs-sg",
            "aws_subnet.nfs_subnet",
            "aws_vpc.nfs_vpc",
            "data.aws_ami.amazon-linux-2",
            "data.template_file.init"
          ]
        }
      ]
    },
    {
      "mode": "managed",
      "type": "aws_security_group",
      "name": "nfs-sg",
      "provider": "provider[\"registry.terraform.io/hashicorp/aws\"]",
      "instances": [
        {
          "schema_version": 1,
          "attributes": {
            "arn": "arn:aws:ec2:us-east-1:225908212644:security-group/sg-0b6f88b8584575c99",
            "description": "EFS-EC2 Access Security Group",
            "egress": [],
            "id": "sg-0b6f88b8584575c99",
            "ingress": [],
            "name": "terraform-20230516061000468600000004",
            "name_prefix": "terraform-",
            "owner_id": "225908212644",
            "revoke_rules_on_delete": false,
            "tags": {
              "name": "EFS-Mount-Demo"
            },
            "timeouts": null,
            "vpc_id": "vpc-02edbccbe0d0c581f"
          },
          "sensitive_attributes": [],
          "private": "eyJlMmJmYjczMC1lY2FhLTExZTYtOGY4OC0zNDM2M2JjN2M0YzAiOnsiY3JlYXRlIjo2MDAwMDAwMDAwMDAsImRlbGV0ZSI6NjAwMDAwMDAwMDAwfSwic2NoZW1hX3ZlcnNpb24iOiIxIn0=",
          "dependencies": [
            "aws_vpc.nfs_vpc"
          ]
        }
      ]
    },
    {
      "mode": "managed",
      "type": "aws_security_group_rule",
      "name": "nfs-sg-rule-egress",
      "provider": "provider[\"registry.terraform.io/hashicorp/aws\"]",
      "instances": [
        {
          "schema_version": 2,
          "attributes": {
            "cidr_blocks": null,
            "description": "Egress rule to to allow traffic from instances to EFS",
            "from_port": 2049,
            "id": "sgrule-1797919335",
            "ipv6_cidr_blocks": null,
            "prefix_list_ids": null,
            "protocol": "tcp",
            "security_group_id": "sg-0b6f88b8584575c99",
            "self": true,
            "source_security_group_id": null,
            "to_port": 2049,
            "type": "egress"
          },
          "sensitive_attributes": [],
          "private": "eyJzY2hlbWFfdmVyc2lvbiI6IjIifQ==",
          "dependencies": [
            "aws_security_group.nfs-sg",
            "aws_vpc.nfs_vpc"
          ]
        }
      ]
    },
    {
      "mode": "managed",
      "type": "aws_security_group_rule",
      "name": "nfs-sg-rule-ingress",
      "provider": "provider[\"registry.terraform.io/hashicorp/aws\"]",
      "instances": [
        {
          "schema_version": 2,
          "attributes": {
            "cidr_blocks": null,
            "description": "Ingress rule to allow traffic to EFS",
            "from_port": 2049,
            "id": "sgrule-4005827974",
            "ipv6_cidr_blocks": null,
            "prefix_list_ids": null,
            "protocol": "tcp",
            "security_group_id": "sg-0b6f88b8584575c99",
            "self": true,
            "source_security_group_id": null,
            "to_port": 2049,
            "type": "ingress"
          },
          "sensitive_attributes": [],
          "private": "eyJzY2hlbWFfdmVyc2lvbiI6IjIifQ==",
          "dependencies": [
            "aws_security_group.nfs-sg",
            "aws_vpc.nfs_vpc"
          ]
        }
      ]
    },
    {
      "mode": "managed",
      "type": "aws_subnet",
      "name": "nfs_subnet",
      "provider": "provider[\"registry.terraform.io/hashicorp/aws\"]",
      "instances": [
        {
          "schema_version": 1,
          "attributes": {
            "arn": "arn:aws:ec2:us-east-1:225908212644:subnet/subnet-097a11a30eecd9baa",
            "assign_ipv6_address_on_creation": false,
            "availability_zone": "us-east-1a",
            "availability_zone_id": "use1-az4",
            "cidr_block": "172.0.0.0/28",
            "customer_owned_ipv4_pool": "",
            "id": "subnet-097a11a30eecd9baa",
            "ipv6_cidr_block": "",
            "ipv6_cidr_block_association_id": "",
            "map_customer_owned_ip_on_launch": false,
            "map_public_ip_on_launch": false,
            "outpost_arn": "",
            "owner_id": "225908212644",
            "tags": {
              "Name": "EFS-Mount-Demo"
            },
            "tags_all": {
              "Name": "EFS-Mount-Demo"
            },
            "timeouts": null,
            "vpc_id": "vpc-02edbccbe0d0c581f"
          },
          "sensitive_attributes": [],
          "private": "eyJlMmJmYjczMC1lY2FhLTExZTYtOGY4OC0zNDM2M2JjN2M0YzAiOnsiY3JlYXRlIjo2MDAwMDAwMDAwMDAsImRlbGV0ZSI6MTIwMDAwMDAwMDAwMH0sInNjaGVtYV92ZXJzaW9uIjoiMSJ9",
          "dependencies": [
            "aws_vpc.nfs_vpc"
          ]
        }
      ]
    },
    {
      "mode": "managed",
      "type": "aws_vpc",
      "name": "nfs_vpc",
      "provider": "provider[\"registry.terraform.io/hashicorp/aws\"]",
      "instances": [
        {
          "schema_version": 1,
          "attributes": {
            "arn": "arn:aws:ec2:us-east-1:225908212644:vpc/vpc-02edbccbe0d0c581f",
            "assign_generated_ipv6_cidr_block": false,
            "cidr_block": "172.0.0.0/24",
            "default_network_acl_id": "acl-05e75e63cef492ff3",
            "default_route_table_id": "rtb-04e0dd9e617b5105e",
            "default_security_group_id": "sg-035f28902481ef30f",
            "dhcp_options_id": "dopt-ff341285",
            "enable_classiclink": false,
            "enable_classiclink_dns_support": false,
            "enable_dns_hostnames": true,
            "enable_dns_support": true,
            "id": "vpc-02edbccbe0d0c581f",
            "instance_tenancy": "default",
            "ipv6_association_id": "",
            "ipv6_cidr_block": "",
            "main_route_table_id": "rtb-04e0dd9e617b5105e",
            "owner_id": "225908212644",
            "tags": {
              "Name": "EFS-Mount-Demo"
            },
            "tags_all": {
              "Name": "EFS-Mount-Demo"
            }
          },
          "sensitive_attributes": [],
          "private": "eyJzY2hlbWFfdmVyc2lvbiI6IjEifQ=="
        }
      ]
    }
  ],
  "check_results": null
}
